
Microsoft Visual Studio Solution File, Format Version 12.00
# Visual Studio Version 17
VisualStudioVersion = 17.0.31423.177
MinimumVisualStudioVersion = 10.0.40219.1
Project("{FAE04EC0-301F-11D3-BF4B-00C04F79EFBC}") = "GoogleBooksClient", "GoogleBooksClient\GoogleBooksClient.csproj", "{2AD865D8-CF96-462B-946C-07AF0C033F36}"
EndProject
Global
	GlobalSection(SolutionConfigurationPlatforms) = preSolution
		Debug|Any CPU = Debug|Any CPU
		Release|Any CPU = Release|Any CPU
	EndGlobalSection
	GlobalSection(ProjectConfigurationPlatforms) = postSolution
		{2AD865D8-CF96-462B-946C-07AF0C033F36}.Debug|Any CPU.ActiveCfg = Debug|Any CPU
		{2AD865D8-CF96-462B-946C-07AF0C033F36}.Debug|Any CPU.Build.0 = Debug|Any CPU
		{2AD865D8-CF96-462B-946C-07AF0C033F36}.Release|Any CPU.ActiveCfg = Release|Any CPU
		{2AD865D8-CF96-462B-946C-07AF0C033F36}.Release|Any CPU.Build.0 = Release|Any CPU
	EndGlobalSection
	GlobalSection(SolutionProperties) = preSolution
		HideSolutionNode = FALSE
	EndGlobalSection
	GlobalSection(ExtensibilityGlobals) = postSolution
		SolutionGuid = {17F27676-2396-4F36-9994-B391A7A7CBA4}
	EndGlobalSection
EndGlobal
