
Microsoft Visual Studio Solution File, Format Version 12.00
# Visual Studio Version 17
VisualStudioVersion = 17.0.31423.177
MinimumVisualStudioVersion = 10.0.40219.1
Project("{FAE04EC0-301F-11D3-BF4B-00C04F79EFBC}") = "ppedv.Musicplayer.Model", "ppedv.Musicplayer.Model\ppedv.Musicplayer.Model.csproj", "{C6398CC9-CB27-4A71-9BF0-1F1D213DB047}"
EndProject
Project("{FAE04EC0-301F-11D3-BF4B-00C04F79EFBC}") = "ppedv.Musicplayer.Data.EfCore", "ppedv.Musicplayer.Data.EfCore\ppedv.Musicplayer.Data.EfCore.csproj", "{FC65F475-D8E9-42B5-9BB7-107DA11AAD7F}"
EndProject
Project("{FAE04EC0-301F-11D3-BF4B-00C04F79EFBC}") = "ppedv.Musicplayer.Data.EfCore.Tests", "ppedv.Musicplayer.Data.EfCore.Tests\ppedv.Musicplayer.Data.EfCore.Tests.csproj", "{6D47ECCC-5F89-4CAB-9D2C-F39D4150DD49}"
EndProject
Global
	GlobalSection(SolutionConfigurationPlatforms) = preSolution
		Debug|Any CPU = Debug|Any CPU
		Release|Any CPU = Release|Any CPU
	EndGlobalSection
	GlobalSection(ProjectConfigurationPlatforms) = postSolution
		{C6398CC9-CB27-4A71-9BF0-1F1D213DB047}.Debug|Any CPU.ActiveCfg = Debug|Any CPU
		{C6398CC9-CB27-4A71-9BF0-1F1D213DB047}.Debug|Any CPU.Build.0 = Debug|Any CPU
		{C6398CC9-CB27-4A71-9BF0-1F1D213DB047}.Release|Any CPU.ActiveCfg = Release|Any CPU
		{C6398CC9-CB27-4A71-9BF0-1F1D213DB047}.Release|Any CPU.Build.0 = Release|Any CPU
		{FC65F475-D8E9-42B5-9BB7-107DA11AAD7F}.Debug|Any CPU.ActiveCfg = Debug|Any CPU
		{FC65F475-D8E9-42B5-9BB7-107DA11AAD7F}.Debug|Any CPU.Build.0 = Debug|Any CPU
		{FC65F475-D8E9-42B5-9BB7-107DA11AAD7F}.Release|Any CPU.ActiveCfg = Release|Any CPU
		{FC65F475-D8E9-42B5-9BB7-107DA11AAD7F}.Release|Any CPU.Build.0 = Release|Any CPU
		{6D47ECCC-5F89-4CAB-9D2C-F39D4150DD49}.Debug|Any CPU.ActiveCfg = Debug|Any CPU
		{6D47ECCC-5F89-4CAB-9D2C-F39D4150DD49}.Debug|Any CPU.Build.0 = Debug|Any CPU
		{6D47ECCC-5F89-4CAB-9D2C-F39D4150DD49}.Release|Any CPU.ActiveCfg = Release|Any CPU
		{6D47ECCC-5F89-4CAB-9D2C-F39D4150DD49}.Release|Any CPU.Build.0 = Release|Any CPU
	EndGlobalSection
	GlobalSection(SolutionProperties) = preSolution
		HideSolutionNode = FALSE
	EndGlobalSection
	GlobalSection(ExtensibilityGlobals) = postSolution
		SolutionGuid = {F08706ED-E3E9-4E8E-ABE4-4E87FBD9782B}
	EndGlobalSection
EndGlobal
