
Microsoft Visual Studio Solution File, Format Version 12.00
# Visual Studio Version 17
VisualStudioVersion = 17.0.31423.177
MinimumVisualStudioVersion = 10.0.40219.1
Project("{9A19103F-16F7-4668-BE54-9A1E7A4F7556}") = "ppedv.Musicplayer.Model", "ppedv.Musicplayer.Model\ppedv.Musicplayer.Model.csproj", "{C6398CC9-CB27-4A71-9BF0-1F1D213DB047}"
EndProject
Project("{9A19103F-16F7-4668-BE54-9A1E7A4F7556}") = "ppedv.Musicplayer.Data.EfCore", "ppedv.Musicplayer.Data.EfCore\ppedv.Musicplayer.Data.EfCore.csproj", "{FC65F475-D8E9-42B5-9BB7-107DA11AAD7F}"
EndProject
Project("{9A19103F-16F7-4668-BE54-9A1E7A4F7556}") = "ppedv.Musicplayer.Data.EfCore.Tests", "ppedv.Musicplayer.Data.EfCore.Tests\ppedv.Musicplayer.Data.EfCore.Tests.csproj", "{6D47ECCC-5F89-4CAB-9D2C-F39D4150DD49}"
EndProject
Project("{9A19103F-16F7-4668-BE54-9A1E7A4F7556}") = "ppedv.Musicplayer.Logic", "ppedv.Musicplayer.Logic\ppedv.Musicplayer.Logic.csproj", "{B8CD6370-AC98-4C74-B990-4D880668BBA5}"
EndProject
Project("{9A19103F-16F7-4668-BE54-9A1E7A4F7556}") = "ppedv.Musicplayer.UI.DevConsole", "ppedv.Musicplayer.UI.DevConsole\ppedv.Musicplayer.UI.DevConsole.csproj", "{E87B77FC-5898-4D27-AD2C-E58F72D2C027}"
EndProject
Project("{9A19103F-16F7-4668-BE54-9A1E7A4F7556}") = "ppedv.Musicplayer.Logic.Tests", "ppedv.Musicplayer.Logic.Tests\ppedv.Musicplayer.Logic.Tests.csproj", "{84AB49F2-592F-4054-8083-CB738AEF09F5}"
EndProject
Project("{9A19103F-16F7-4668-BE54-9A1E7A4F7556}") = "ppedv.Musicplayer.Device.Beeper5000", "ppedv.Musicplayer.Device.Beeper5000\ppedv.Musicplayer.Device.Beeper5000.csproj", "{9A1B427B-71A2-4331-A521-2A5A35CF2331}"
EndProject
Project("{9A19103F-16F7-4668-BE54-9A1E7A4F7556}") = "ppedv.Musicplayer.Device.Beeper5000.Tests", "ppedv.Musicplayer.Device.Beeper5000.Tests\ppedv.Musicplayer.Device.Beeper5000.Tests.csproj", "{9DA9D8DC-E7A5-4278-8FDC-E293C06B9D37}"
EndProject
Project("{FAE04EC0-301F-11D3-BF4B-00C04F79EFBC}") = "ppedv.Musicplayer.UI.Web.ASP_MVC", "ppedv.Musicplayer.UI.Web.ASP_MVC\ppedv.Musicplayer.UI.Web.ASP_MVC.csproj", "{DC03ECCC-A266-4DB4-93B5-3542B11EF967}"
EndProject
Project("{2150E333-8FDC-42A3-9474-1A3956D46DE8}") = "Data", "Data", "{D04474D4-DE3B-4CD4-B2E4-C98A727B34D0}"
EndProject
Project("{2150E333-8FDC-42A3-9474-1A3956D46DE8}") = "Device", "Device", "{20B8552F-D493-492A-B790-5FD01486EBDE}"
EndProject
Project("{2150E333-8FDC-42A3-9474-1A3956D46DE8}") = "UI", "UI", "{0A711A00-EEB0-41C0-8063-3D84D752BD29}"
EndProject
Project("{2150E333-8FDC-42A3-9474-1A3956D46DE8}") = "CrossCutting", "CrossCutting", "{9811FAEF-D8D9-4A34-A51D-3964904FE325}"
EndProject
Project("{2150E333-8FDC-42A3-9474-1A3956D46DE8}") = "Business", "Business", "{87CD1FD9-9D19-4A4A-A5E8-C115719CB4F0}"
EndProject
Project("{FAE04EC0-301F-11D3-BF4B-00C04F79EFBC}") = "ppedv.Musicplayer.DemoData.Bogus", "ppedv.Musicplayer.DemoData.Bogus\ppedv.Musicplayer.DemoData.Bogus.csproj", "{E4A97BB7-36A2-4958-AA74-F3C49EE782B9}"
EndProject
Project("{2150E333-8FDC-42A3-9474-1A3956D46DE8}") = "DemoData", "DemoData", "{E03C5B73-6D28-446C-9682-0D0026AB7577}"
EndProject
Global
	GlobalSection(SolutionConfigurationPlatforms) = preSolution
		Debug|Any CPU = Debug|Any CPU
		Release|Any CPU = Release|Any CPU
	EndGlobalSection
	GlobalSection(ProjectConfigurationPlatforms) = postSolution
		{C6398CC9-CB27-4A71-9BF0-1F1D213DB047}.Debug|Any CPU.ActiveCfg = Debug|Any CPU
		{C6398CC9-CB27-4A71-9BF0-1F1D213DB047}.Debug|Any CPU.Build.0 = Debug|Any CPU
		{C6398CC9-CB27-4A71-9BF0-1F1D213DB047}.Release|Any CPU.ActiveCfg = Release|Any CPU
		{C6398CC9-CB27-4A71-9BF0-1F1D213DB047}.Release|Any CPU.Build.0 = Release|Any CPU
		{FC65F475-D8E9-42B5-9BB7-107DA11AAD7F}.Debug|Any CPU.ActiveCfg = Debug|Any CPU
		{FC65F475-D8E9-42B5-9BB7-107DA11AAD7F}.Debug|Any CPU.Build.0 = Debug|Any CPU
		{FC65F475-D8E9-42B5-9BB7-107DA11AAD7F}.Release|Any CPU.ActiveCfg = Release|Any CPU
		{FC65F475-D8E9-42B5-9BB7-107DA11AAD7F}.Release|Any CPU.Build.0 = Release|Any CPU
		{6D47ECCC-5F89-4CAB-9D2C-F39D4150DD49}.Debug|Any CPU.ActiveCfg = Debug|Any CPU
		{6D47ECCC-5F89-4CAB-9D2C-F39D4150DD49}.Debug|Any CPU.Build.0 = Debug|Any CPU
		{6D47ECCC-5F89-4CAB-9D2C-F39D4150DD49}.Release|Any CPU.ActiveCfg = Release|Any CPU
		{6D47ECCC-5F89-4CAB-9D2C-F39D4150DD49}.Release|Any CPU.Build.0 = Release|Any CPU
		{B8CD6370-AC98-4C74-B990-4D880668BBA5}.Debug|Any CPU.ActiveCfg = Debug|Any CPU
		{B8CD6370-AC98-4C74-B990-4D880668BBA5}.Debug|Any CPU.Build.0 = Debug|Any CPU
		{B8CD6370-AC98-4C74-B990-4D880668BBA5}.Release|Any CPU.ActiveCfg = Release|Any CPU
		{B8CD6370-AC98-4C74-B990-4D880668BBA5}.Release|Any CPU.Build.0 = Release|Any CPU
		{E87B77FC-5898-4D27-AD2C-E58F72D2C027}.Debug|Any CPU.ActiveCfg = Debug|Any CPU
		{E87B77FC-5898-4D27-AD2C-E58F72D2C027}.Debug|Any CPU.Build.0 = Debug|Any CPU
		{E87B77FC-5898-4D27-AD2C-E58F72D2C027}.Release|Any CPU.ActiveCfg = Release|Any CPU
		{E87B77FC-5898-4D27-AD2C-E58F72D2C027}.Release|Any CPU.Build.0 = Release|Any CPU
		{84AB49F2-592F-4054-8083-CB738AEF09F5}.Debug|Any CPU.ActiveCfg = Debug|Any CPU
		{84AB49F2-592F-4054-8083-CB738AEF09F5}.Debug|Any CPU.Build.0 = Debug|Any CPU
		{84AB49F2-592F-4054-8083-CB738AEF09F5}.Release|Any CPU.ActiveCfg = Release|Any CPU
		{84AB49F2-592F-4054-8083-CB738AEF09F5}.Release|Any CPU.Build.0 = Release|Any CPU
		{9A1B427B-71A2-4331-A521-2A5A35CF2331}.Debug|Any CPU.ActiveCfg = Debug|Any CPU
		{9A1B427B-71A2-4331-A521-2A5A35CF2331}.Debug|Any CPU.Build.0 = Debug|Any CPU
		{9A1B427B-71A2-4331-A521-2A5A35CF2331}.Release|Any CPU.ActiveCfg = Release|Any CPU
		{9A1B427B-71A2-4331-A521-2A5A35CF2331}.Release|Any CPU.Build.0 = Release|Any CPU
		{9DA9D8DC-E7A5-4278-8FDC-E293C06B9D37}.Debug|Any CPU.ActiveCfg = Debug|Any CPU
		{9DA9D8DC-E7A5-4278-8FDC-E293C06B9D37}.Debug|Any CPU.Build.0 = Debug|Any CPU
		{9DA9D8DC-E7A5-4278-8FDC-E293C06B9D37}.Release|Any CPU.ActiveCfg = Release|Any CPU
		{9DA9D8DC-E7A5-4278-8FDC-E293C06B9D37}.Release|Any CPU.Build.0 = Release|Any CPU
		{DC03ECCC-A266-4DB4-93B5-3542B11EF967}.Debug|Any CPU.ActiveCfg = Debug|Any CPU
		{DC03ECCC-A266-4DB4-93B5-3542B11EF967}.Debug|Any CPU.Build.0 = Debug|Any CPU
		{DC03ECCC-A266-4DB4-93B5-3542B11EF967}.Release|Any CPU.ActiveCfg = Release|Any CPU
		{DC03ECCC-A266-4DB4-93B5-3542B11EF967}.Release|Any CPU.Build.0 = Release|Any CPU
		{E4A97BB7-36A2-4958-AA74-F3C49EE782B9}.Debug|Any CPU.ActiveCfg = Debug|Any CPU
		{E4A97BB7-36A2-4958-AA74-F3C49EE782B9}.Debug|Any CPU.Build.0 = Debug|Any CPU
		{E4A97BB7-36A2-4958-AA74-F3C49EE782B9}.Release|Any CPU.ActiveCfg = Release|Any CPU
		{E4A97BB7-36A2-4958-AA74-F3C49EE782B9}.Release|Any CPU.Build.0 = Release|Any CPU
	EndGlobalSection
	GlobalSection(SolutionProperties) = preSolution
		HideSolutionNode = FALSE
	EndGlobalSection
	GlobalSection(NestedProjects) = preSolution
		{C6398CC9-CB27-4A71-9BF0-1F1D213DB047} = {9811FAEF-D8D9-4A34-A51D-3964904FE325}
		{FC65F475-D8E9-42B5-9BB7-107DA11AAD7F} = {D04474D4-DE3B-4CD4-B2E4-C98A727B34D0}
		{6D47ECCC-5F89-4CAB-9D2C-F39D4150DD49} = {D04474D4-DE3B-4CD4-B2E4-C98A727B34D0}
		{B8CD6370-AC98-4C74-B990-4D880668BBA5} = {87CD1FD9-9D19-4A4A-A5E8-C115719CB4F0}
		{E87B77FC-5898-4D27-AD2C-E58F72D2C027} = {0A711A00-EEB0-41C0-8063-3D84D752BD29}
		{84AB49F2-592F-4054-8083-CB738AEF09F5} = {87CD1FD9-9D19-4A4A-A5E8-C115719CB4F0}
		{9A1B427B-71A2-4331-A521-2A5A35CF2331} = {20B8552F-D493-492A-B790-5FD01486EBDE}
		{9DA9D8DC-E7A5-4278-8FDC-E293C06B9D37} = {20B8552F-D493-492A-B790-5FD01486EBDE}
		{DC03ECCC-A266-4DB4-93B5-3542B11EF967} = {0A711A00-EEB0-41C0-8063-3D84D752BD29}
		{E4A97BB7-36A2-4958-AA74-F3C49EE782B9} = {E03C5B73-6D28-446C-9682-0D0026AB7577}
	EndGlobalSection
	GlobalSection(ExtensibilityGlobals) = postSolution
		SolutionGuid = {F08706ED-E3E9-4E8E-ABE4-4E87FBD9782B}
	EndGlobalSection
EndGlobal
